
Microsoft Visual Studio Solution File, Format Version 12.00
# Visual Studio Version 16
VisualStudioVersion = 16.0.31321.278
MinimumVisualStudioVersion = 10.0.40219.1
Project("{F184B08F-C81C-45F6-A57F-5ABD9991F28F}") = "ParameterEditorAspNetMvcExample", "ParameterEditorAspNetMvcExample\ParameterEditorAspNetMvcExample.vbproj", "{4A446DBA-E06E-4D3B-9BC8-10A5410B1A12}"
EndProject
Global
	GlobalSection(SolutionConfigurationPlatforms) = preSolution
		Debug|Any CPU = Debug|Any CPU
		Release|Any CPU = Release|Any CPU
	EndGlobalSection
	GlobalSection(ProjectConfigurationPlatforms) = postSolution
		{4A446DBA-E06E-4D3B-9BC8-10A5410B1A12}.Debug|Any CPU.ActiveCfg = Debug|Any CPU
		{4A446DBA-E06E-4D3B-9BC8-10A5410B1A12}.Debug|Any CPU.Build.0 = Debug|Any CPU
		{4A446DBA-E06E-4D3B-9BC8-10A5410B1A12}.Release|Any CPU.ActiveCfg = Release|Any CPU
		{4A446DBA-E06E-4D3B-9BC8-10A5410B1A12}.Release|Any CPU.Build.0 = Release|Any CPU
	EndGlobalSection
	GlobalSection(SolutionProperties) = preSolution
		HideSolutionNode = FALSE
	EndGlobalSection
	GlobalSection(ExtensibilityGlobals) = postSolution
		SolutionGuid = {2B831B25-A364-44AD-8CF6-1CFB517E1665}
	EndGlobalSection
EndGlobal
